PODS:
  - AFNetworking (3.2.1):
    - AFNetworking/NSURLSession (= 3.2.1)
    - AFNetworking/Reachability (= 3.2.1)
    - AFNetworking/Security (= 3.2.1)
    - AFNetworking/Serialization (= 3.2.1)
    - AFNetworking/UIKit (= 3.2.1)
  - AFNetworking/NSURLSession (3.2.1):
    - AFNetworking/Reachability
    - AFNetworking/Security
    - AFNetworking/Serialization
  - AFNetworking/Reachability (3.2.1)
  - AFNetworking/Security (3.2.1)
  - AFNetworking/Serialization (3.2.1)
  - AFNetworking/UIKit (3.2.1):
    - AFNetworking/NSURLSession
  - BGFMDB (2.0.13):
    - BGFMDB/BG (= 2.0.13)
    - BGFMDB/FMDB (= 2.0.13)
  - BGFMDB/BG (2.0.13):
    - BGFMDB/FMDB
  - BGFMDB/FMDB (2.0.13)
  - LiquidBaseKit (0.0.4):
    - AFNetworking (~> 3.2.1)
    - BGFMDB
    - LiquidBaseKit/Cache (= 0.0.4)
    - LiquidBaseKit/DB (= 0.0.4)
    - LiquidBaseKit/Networking (= 0.0.4)
    - LiquidBaseKit/RSA (= 0.0.4)
    - LiquidBaseKit/Util (= 0.0.4)
    - OpenSSL-for-iOS (~> 1.0.2.d.1)
    - ReactiveObjC (~> 3.1.0)
    - YYKit
  - LiquidBaseKit/Cache (0.0.4):
    - AFNetworking (~> 3.2.1)
    - BGFMDB
    - OpenSSL-for-iOS (~> 1.0.2.d.1)
    - ReactiveObjC (~> 3.1.0)
    - YYKit
  - LiquidBaseKit/DB (0.0.4):
    - AFNetworking (~> 3.2.1)
    - BGFMDB
    - OpenSSL-for-iOS (~> 1.0.2.d.1)
    - ReactiveObjC (~> 3.1.0)
    - YYKit
  - LiquidBaseKit/Networking (0.0.4):
    - AFNetworking (~> 3.2.1)
    - BGFMDB
    - OpenSSL-for-iOS (~> 1.0.2.d.1)
    - ReactiveObjC (~> 3.1.0)
    - YYKit
  - LiquidBaseKit/RSA (0.0.4):
    - AFNetworking (~> 3.2.1)
    - BGFMDB
    - OpenSSL-for-iOS (~> 1.0.2.d.1)
    - ReactiveObjC (~> 3.1.0)
    - YYKit
  - LiquidBaseKit/Util (0.0.4):
    - AFNetworking (~> 3.2.1)
    - BGFMDB
    - OpenSSL-for-iOS (~> 1.0.2.d.1)
    - ReactiveObjC (~> 3.1.0)
    - YYKit
  - OpenSSL-for-iOS (1.0.2.d.1)
  - ReactiveObjC (3.1.1)
  - YYKit (1.0.9):
    - YYKit/no-arc (= 1.0.9)
  - YYKit/no-arc (1.0.9)

DEPENDENCIES:
  - LiquidBaseKit (from `../`)

SPEC REPOS:
  trunk:
    - AFNetworking
    - BGFMDB
    - OpenSSL-for-iOS
    - ReactiveObjC
    - YYKit

EXTERNAL SOURCES:
  LiquidBaseKit:
    :path: "../"

SPEC CHECKSUMS:
  AFNetworking: b6f891fdfaed196b46c7a83cf209e09697b94057
  BGFMDB: 48e6823027232402a678acc7f71484b1fc9171d0
  LiquidBaseKit: 4df6bcd45a870ce9ead054a4e6393ae01e15a0d0
  OpenSSL-for-iOS: d7a30add88a1969b052135adbe48452af231ed32
  ReactiveObjC: 011caa393aa0383245f2dcf9bf02e86b80b36040
  YYKit: 7cda43304a8dc3696c449041e2cb3107b4e236e7

PODFILE CHECKSUM: bc949e265370eebc3cfdc6a1ba587ee85f8c898d

COCOAPODS: 1.8.4
